
Microsoft Visual Studio Solution File, Format Version 12.00
# Visual Studio Version 17
VisualStudioVersion = 17.8.34322.80
MinimumVisualStudioVersion = 10.0.40219.1
Project("{9A19103F-16F7-4668-BE54-9A1E7A4F7556}") = "EntityModel", "EntityModel\EntityModel.csproj", "{B91B2959-1398-4827-93B8-890C1F1E5BCB}"
EndProject
Project("{9A19103F-16F7-4668-BE54-9A1E7A4F7556}") = "ShareModel", "ShareModel\ShareModel.csproj", "{285AF017-EB45-4F12-A1C0-68556A202D99}"
EndProject
Project("{FAE04EC0-301F-11D3-BF4B-00C04F79EFBC}") = "Dto", "Dto\Dto.csproj", "{A096A3CF-3749-4B94-ADEF-84DB12B1EBCF}"
EndProject
Project("{FAE04EC0-301F-11D3-BF4B-00C04F79EFBC}") = "Business", "Business\Business.csproj", "{651E5859-5BAB-4D00-B14B-8D461B92ED7F}"
EndProject
Project("{FAE04EC0-301F-11D3-BF4B-00C04F79EFBC}") = "GptLibrary", "GptLibrary\GptLibrary.csproj", "{3930E889-5FC1-4DCC-BC62-D61487DFED39}"
EndProject
Project("{FAE04EC0-301F-11D3-BF4B-00C04F79EFBC}") = "Infrastructure", "Infrastructure\Infrastructure.csproj", "{18757825-DE0F-47DA-8A5C-C66740294805}"
EndProject
Project("{2150E333-8FDC-42A3-9474-1A3956D46DE8}") = "ConsoleLab", "ConsoleLab", "{508E2C56-0B9E-4284-B398-655D246E757A}"
EndProject
Project("{FAE04EC0-301F-11D3-BF4B-00C04F79EFBC}") = "GptService", "GptService\GptService.csproj", "{38DA527D-4FC6-4C1A-8CA0-11742C63B2AF}"
EndProject
Global
	GlobalSection(SolutionConfigurationPlatforms) = preSolution
		Debug|Any CPU = Debug|Any CPU
		Release|Any CPU = Release|Any CPU
	EndGlobalSection
	GlobalSection(ProjectConfigurationPlatforms) = postSolution
		{B91B2959-1398-4827-93B8-890C1F1E5BCB}.Debug|Any CPU.ActiveCfg = Debug|Any CPU
		{B91B2959-1398-4827-93B8-890C1F1E5BCB}.Debug|Any CPU.Build.0 = Debug|Any CPU
		{B91B2959-1398-4827-93B8-890C1F1E5BCB}.Release|Any CPU.ActiveCfg = Release|Any CPU
		{B91B2959-1398-4827-93B8-890C1F1E5BCB}.Release|Any CPU.Build.0 = Release|Any CPU
		{285AF017-EB45-4F12-A1C0-68556A202D99}.Debug|Any CPU.ActiveCfg = Debug|Any CPU
		{285AF017-EB45-4F12-A1C0-68556A202D99}.Debug|Any CPU.Build.0 = Debug|Any CPU
		{285AF017-EB45-4F12-A1C0-68556A202D99}.Release|Any CPU.ActiveCfg = Release|Any CPU
		{285AF017-EB45-4F12-A1C0-68556A202D99}.Release|Any CPU.Build.0 = Release|Any CPU
		{A096A3CF-3749-4B94-ADEF-84DB12B1EBCF}.Debug|Any CPU.ActiveCfg = Debug|Any CPU
		{A096A3CF-3749-4B94-ADEF-84DB12B1EBCF}.Debug|Any CPU.Build.0 = Debug|Any CPU
		{A096A3CF-3749-4B94-ADEF-84DB12B1EBCF}.Release|Any CPU.ActiveCfg = Release|Any CPU
		{A096A3CF-3749-4B94-ADEF-84DB12B1EBCF}.Release|Any CPU.Build.0 = Release|Any CPU
		{651E5859-5BAB-4D00-B14B-8D461B92ED7F}.Debug|Any CPU.ActiveCfg = Debug|Any CPU
		{651E5859-5BAB-4D00-B14B-8D461B92ED7F}.Debug|Any CPU.Build.0 = Debug|Any CPU
		{651E5859-5BAB-4D00-B14B-8D461B92ED7F}.Release|Any CPU.ActiveCfg = Release|Any CPU
		{651E5859-5BAB-4D00-B14B-8D461B92ED7F}.Release|Any CPU.Build.0 = Release|Any CPU
		{3930E889-5FC1-4DCC-BC62-D61487DFED39}.Debug|Any CPU.ActiveCfg = Debug|Any CPU
		{3930E889-5FC1-4DCC-BC62-D61487DFED39}.Debug|Any CPU.Build.0 = Debug|Any CPU
		{3930E889-5FC1-4DCC-BC62-D61487DFED39}.Release|Any CPU.ActiveCfg = Release|Any CPU
		{3930E889-5FC1-4DCC-BC62-D61487DFED39}.Release|Any CPU.Build.0 = Release|Any CPU
		{18757825-DE0F-47DA-8A5C-C66740294805}.Debug|Any CPU.ActiveCfg = Debug|Any CPU
		{18757825-DE0F-47DA-8A5C-C66740294805}.Debug|Any CPU.Build.0 = Debug|Any CPU
		{18757825-DE0F-47DA-8A5C-C66740294805}.Release|Any CPU.ActiveCfg = Release|Any CPU
		{18757825-DE0F-47DA-8A5C-C66740294805}.Release|Any CPU.Build.0 = Release|Any CPU
		{38DA527D-4FC6-4C1A-8CA0-11742C63B2AF}.Debug|Any CPU.ActiveCfg = Debug|Any CPU
		{38DA527D-4FC6-4C1A-8CA0-11742C63B2AF}.Debug|Any CPU.Build.0 = Debug|Any CPU
		{38DA527D-4FC6-4C1A-8CA0-11742C63B2AF}.Release|Any CPU.ActiveCfg = Release|Any CPU
		{38DA527D-4FC6-4C1A-8CA0-11742C63B2AF}.Release|Any CPU.Build.0 = Release|Any CPU
	EndGlobalSection
	GlobalSection(SolutionProperties) = preSolution
		HideSolutionNode = FALSE
	EndGlobalSection
	GlobalSection(ExtensibilityGlobals) = postSolution
		SolutionGuid = {6A8DB0A7-1356-4946-A1D0-B6CDD5B147E5}
	EndGlobalSection
EndGlobal
